{
  "name": "Milestone2",
  "version": "1.0.0",
  "lockfileVersion": 3,
  "requires": true,
  "packages": {
    "": {
      "version": "1.0.0",
      "license": "AGPL-version-3.0",
      "devDependencies": {},
      "engines": {
        "node": ">= 14.0.0",
        "npm": ">= 6.0.0"
      }
    }
  }
}
